{
  "name": "test-app-server",
  "lockfileVersion": 3,
  "requires": true,
  "packages": {
    "": {
      "name": "test-app-server",
      "dependencies": {
        "vite-ember-ssr-server": "file:../../"
      }
    },
    "../..": {
      "version": "0.0.1",
      "license": "MIT",
      "dependencies": {
        "basic-auth": "^2.0.1",
        "chalk": "^5.6.2",
        "compression": "^1.8.1",
        "cookie": "^1.1.1",
        "debug": "^4.3.3",
        "express": "^5.1.0",
        "fs-extra": "^11.3.2",
        "glob": "^11.0.3",
        "linkedom": "^0.18.12",
        "mime": "^1.6.0",
        "resolve": "^1.22.11",
        "sirv": "^3.0.2",
        "url": "^0.11.4",
        "vite": "^6.4.2"
      },
      "devDependencies": {
        "json-stable-stringify": "^1.3.0"
      }
    },
    "node_modules/vite-ember-ssr-server": {
      "resolved": "../..",
      "link": true
    }
  }
}
